<?xml version="1.0" encoding="utf-8"?>
<Project ToolsVersion="4.0" xmlns="http://schemas.microsoft.com/developer/msbuild/2003">
  <ItemGroup>
    <Filter Include="graphics">
      <UniqueIdentifier>{c780791d-1151-46cd-b4d0-a235138b3fc3}</UniqueIdentifier>
    </Filter>
    <Filter Include="data">
      <UniqueIdentifier>{41601e46-efdc-4ad9-be4e-736cd5f139b0}</UniqueIdentifier>
    </Filter>
  </ItemGroup>
  <ItemGroup>
    <ClCompile Include="main.cpp" />
    <ClCompile Include="renderer.cpp">
      <Filter>graphics</Filter>
    </ClCompile>
    <ClCompile Include="defines.cpp" />
  </ItemGroup>
  <ItemGroup>
    <ClInclude Include="renderer.h">
      <Filter>graphics</Filter>
    </ClInclude>
    <ClInclude Include="grh_data.h">
      <Filter>data</Filter>
    </ClInclude>
    <ClInclude Include="defines.h" />
  </ItemGroup>
</Project>